Microsoft Visual Studio Solution File, Format Version 7.00
Project("{8BC9CEB8-8B4A-11D0-8D11-00A0C91BC942}") = "zefirolibtest", "zefirolibtest.vcproj", "{13F8320D-325F-4298-AEDE-6EC877ADC9DF}"
EndProject
Project("{8BC9CEB8-8B4A-11D0-8D11-00A0C91BC942}") = "zefirolib", "zefirolib.vcproj", "{648E2E8C-30AB-471C-95F6-B1276A6C356B}"
EndProject
Global
	GlobalSection(SolutionConfiguration) = preSolution
		ConfigName.0 = Debug
		ConfigName.1 = Release
	EndGlobalSection
	GlobalSection(ProjectDependencies) = postSolution
		{13F8320D-325F-4298-AEDE-6EC877ADC9DF}.0 = {648E2E8C-30AB-471C-95F6-B1276A6C356B}
	EndGlobalSection
	GlobalSection(ProjectConfiguration) = postSolution
		{13F8320D-325F-4298-AEDE-6EC877ADC9DF}.Debug.ActiveCfg = Debug|Win32
		{13F8320D-325F-4298-AEDE-6EC877ADC9DF}.Debug.Build.0 = Debug|Win32
		{13F8320D-325F-4298-AEDE-6EC877ADC9DF}.Release.ActiveCfg = Release|Win32
		{13F8320D-325F-4298-AEDE-6EC877ADC9DF}.Release.Build.0 = Release|Win32
		{648E2E8C-30AB-471C-95F6-B1276A6C356B}.Debug.ActiveCfg = Debug|Win32
		{648E2E8C-30AB-471C-95F6-B1276A6C356B}.Debug.Build.0 = Debug|Win32
		{648E2E8C-30AB-471C-95F6-B1276A6C356B}.Release.ActiveCfg = Release|Win32
		{648E2E8C-30AB-471C-95F6-B1276A6C356B}.Release.Build.0 = Release|Win32
		{110FE3E0-9B08-420A-BAF8-06FF3E77EEA1}.Debug.ActiveCfg = Debug|Win32
		{110FE3E0-9B08-420A-BAF8-06FF3E77EEA1}.Release.ActiveCfg = Release|Win32
	EndGlobalSection
	GlobalSection(ExtensibilityGlobals) = postSolution
		DPBuild = 6
	EndGlobalSection
	GlobalSection(ExtensibilityAddIns) = postSolution
	EndGlobalSection
EndGlobal
